
Microsoft Visual Studio Solution File, Format Version 12.00
# Visual Studio Version 16
VisualStudioVersion = 16.0.31205.134
MinimumVisualStudioVersion = 10.0.40219.1
Project("{FAE04EC0-301F-11D3-BF4B-00C04F79EFBC}") = "AgendaApp", "AgendaApp\AgendaApp.csproj", "{28B09D84-5B4A-4575-81FA-E5EDD0472AEB}"
EndProject
Global
	GlobalSection(SolutionConfigurationPlatforms) = preSolution
		Debug|Any CPU = Debug|Any CPU
		Release|Any CPU = Release|Any CPU
	EndGlobalSection
	GlobalSection(ProjectConfigurationPlatforms) = postSolution
		{28B09D84-5B4A-4575-81FA-E5EDD0472AEB}.Debug|Any CPU.ActiveCfg = Debug|Any CPU
		{28B09D84-5B4A-4575-81FA-E5EDD0472AEB}.Debug|Any CPU.Build.0 = Debug|Any CPU
		{28B09D84-5B4A-4575-81FA-E5EDD0472AEB}.Release|Any CPU.ActiveCfg = Release|Any CPU
		{28B09D84-5B4A-4575-81FA-E5EDD0472AEB}.Release|Any CPU.Build.0 = Release|Any CPU
	EndGlobalSection
	GlobalSection(SolutionProperties) = preSolution
		HideSolutionNode = FALSE
	EndGlobalSection
	GlobalSection(ExtensibilityGlobals) = postSolution
		SolutionGuid = {2A85B708-02DC-4756-8E3F-65560647D479}
	EndGlobalSection
EndGlobal
